<?xml version="1.0" encoding="utf-8"?>
<Project ToolsVersion="4.0" xmlns="http://schemas.microsoft.com/developer/msbuild/2003">
  <ItemGroup>
    <Filter Include="src">
      <UniqueIdentifier>{4FC737F1-C7A5-4376-A066-2A32D752A2FF}</UniqueIdentifier>
      <Extensions>h;hh;hpp;hxx;hm;inl;inc;xsd;cpp;c;cc;cxx;def;odl;idl;hpj;bat;asm;asmx</Extensions>
    </Filter>
    <Filter Include="src\ConcurrentQueue">
      <UniqueIdentifier>{6f775a04-c796-425a-b5ec-0f4319f46d35}</UniqueIdentifier>
    </Filter>
  </ItemGroup>
  <ItemGroup>
    <ClInclude Include="..\..\..\src\ConcurrentQueue\common.h">
      <Filter>src\ConcurrentQueue</Filter>
    </ClInclude>
    <ClInclude Include="..\..\..\src\ConcurrentQueue\LockedRingQueue.h">
      <Filter>src\ConcurrentQueue</Filter>
    </ClInclude>
    <ClInclude Include="..\..\..\src\ConcurrentQueue\MinMax.h">
      <Filter>src\ConcurrentQueue</Filter>
    </ClInclude>
    <ClInclude Include="..\..\..\src\ConcurrentQueue\NativeMutex.h">
      <Filter>src\ConcurrentQueue</Filter>
    </ClInclude>
    <ClInclude Include="..\..\..\src\ConcurrentQueue\PowerOf2.h">
      <Filter>src\ConcurrentQueue</Filter>
    </ClInclude>
    <ClInclude Include="..\..\..\src\ConcurrentQueue\QueueWrapper.h">
      <Filter>src\ConcurrentQueue</Filter>
    </ClInclude>
    <ClInclude Include="..\..\..\src\ConcurrentQueue\Sequence.h">
      <Filter>src\ConcurrentQueue</Filter>
    </ClInclude>
    <ClInclude Include="..\..\..\src\ConcurrentQueue\SingleRingQueue.h">
      <Filter>src\ConcurrentQueue</Filter>
    </ClInclude>
    <ClInclude Include="..\..\..\src\ConcurrentQueue\stop_watch.h">
      <Filter>src\ConcurrentQueue</Filter>
    </ClInclude>
    <ClInclude Include="..\..\..\src\ConcurrentQueue\ValueMessage.h">
      <Filter>src\ConcurrentQueue</Filter>
    </ClInclude>
  </ItemGroup>
  <ItemGroup>
    <ClCompile Include="..\..\..\src\ConcurrentQueue\main.cpp">
      <Filter>src\ConcurrentQueue</Filter>
    </ClCompile>
  </ItemGroup>
</Project>